
Microsoft Visual Studio Solution File, Format Version 12.00
# Visual Studio Version 17
VisualStudioVersion = 17.9.34723.18
MinimumVisualStudioVersion = 10.0.40219.1
Project("{9A19103F-16F7-4668-BE54-9A1E7A4F7556}") = "ConsoleApp17", "ConsoleApp17.csproj", "{B0BDFAE6-6159-4D43-9A3E-543DF3CD2098}"
EndProject
Global
	GlobalSection(SolutionConfigurationPlatforms) = preSolution
		Debug|Any CPU = Debug|Any CPU
		Release|Any CPU = Release|Any CPU
	EndGlobalSection
	GlobalSection(ProjectConfigurationPlatforms) = postSolution
		{B0BDFAE6-6159-4D43-9A3E-543DF3CD2098}.Debug|Any CPU.ActiveCfg = Debug|Any CPU
		{B0BDFAE6-6159-4D43-9A3E-543DF3CD2098}.Debug|Any CPU.Build.0 = Debug|Any CPU
		{B0BDFAE6-6159-4D43-9A3E-543DF3CD2098}.Release|Any CPU.ActiveCfg = Release|Any CPU
		{B0BDFAE6-6159-4D43-9A3E-543DF3CD2098}.Release|Any CPU.Build.0 = Release|Any CPU
	EndGlobalSection
	GlobalSection(SolutionProperties) = preSolution
		HideSolutionNode = FALSE
	EndGlobalSection
	GlobalSection(ExtensibilityGlobals) = postSolution
		SolutionGuid = {972F690F-6FE2-4144-9284-980046FE3F8C}
	EndGlobalSection
EndGlobal
